
Microsoft Visual Studio Solution File, Format Version 12.00
# Visual Studio Version 16
VisualStudioVersion = 16.0.34729.46
MinimumVisualStudioVersion = 10.0.40219.1
Project("{8BC9CEB8-8B4A-11D0-8D11-00A0C91BC942}") = "AHC037", "AHC037\AHC037.vcxproj", "{3CB52CC5-AEBC-479D-926F-49FE04FDAC32}"
EndProject
Project("{8BC9CEB8-8B4A-11D0-8D11-00A0C91BC942}") = "AHC036", "AHC036\AHC036.vcxproj", "{4E7F3EE4-CF30-459B-B22C-FE1B459734C3}"
EndProject
Project("{8BC9CEB8-8B4A-11D0-8D11-00A0C91BC942}") = "AHC038", "AHC038\AHC038.vcxproj", "{850F4BCE-2ADE-46A9-939B-F8FAE6883654}"
EndProject
Project("{8BC9CEB8-8B4A-11D0-8D11-00A0C91BC942}") = "Library", "Library\Library.vcxproj", "{8F8361CF-8483-4DC9-84B6-F5C0A9597AD8}"
EndProject
Project("{8BC9CEB8-8B4A-11D0-8D11-00A0C91BC942}") = "AHC026", "AHC026\AHC026.vcxproj", "{C2A2C6C1-11D9-4503-A6A9-C04680A54CB6}"
EndProject
Project("{8BC9CEB8-8B4A-11D0-8D11-00A0C91BC942}") = "AHC007", "AHC007\AHC007.vcxproj", "{56987F9B-A30A-491A-A222-BEF5CCCE921C}"
EndProject
Project("{8BC9CEB8-8B4A-11D0-8D11-00A0C91BC942}") = "AHC012", "AHC012\AHC012.vcxproj", "{B942034E-D265-4DD7-B06E-58CA4549DD19}"
EndProject
Project("{8BC9CEB8-8B4A-11D0-8D11-00A0C91BC942}") = "AHC039", "AHC039\AHC039.vcxproj", "{45D18724-17BB-4009-9781-8858B49B71F9}"
EndProject
Project("{8BC9CEB8-8B4A-11D0-8D11-00A0C91BC942}") = "AHC040", "AHC040\AHC040.vcxproj", "{EF7DCEC8-3AE3-463E-91A9-815B93AE480E}"
EndProject
Global
	GlobalSection(SolutionConfigurationPlatforms) = preSolution
		Debug|x64 = Debug|x64
		Debug|x86 = Debug|x86
		Release|x64 = Release|x64
		Release|x86 = Release|x86
	EndGlobalSection
	GlobalSection(ProjectConfigurationPlatforms) = postSolution
		{3CB52CC5-AEBC-479D-926F-49FE04FDAC32}.Debug|x64.ActiveCfg = Debug|x64
		{3CB52CC5-AEBC-479D-926F-49FE04FDAC32}.Debug|x64.Build.0 = Debug|x64
		{3CB52CC5-AEBC-479D-926F-49FE04FDAC32}.Debug|x86.ActiveCfg = Debug|Win32
		{3CB52CC5-AEBC-479D-926F-49FE04FDAC32}.Debug|x86.Build.0 = Debug|Win32
		{3CB52CC5-AEBC-479D-926F-49FE04FDAC32}.Release|x64.ActiveCfg = Release|x64
		{3CB52CC5-AEBC-479D-926F-49FE04FDAC32}.Release|x64.Build.0 = Release|x64
		{3CB52CC5-AEBC-479D-926F-49FE04FDAC32}.Release|x86.ActiveCfg = Release|Win32
		{3CB52CC5-AEBC-479D-926F-49FE04FDAC32}.Release|x86.Build.0 = Release|Win32
		{4E7F3EE4-CF30-459B-B22C-FE1B459734C3}.Debug|x64.ActiveCfg = Debug|x64
		{4E7F3EE4-CF30-459B-B22C-FE1B459734C3}.Debug|x64.Build.0 = Debug|x64
		{4E7F3EE4-CF30-459B-B22C-FE1B459734C3}.Debug|x86.ActiveCfg = Debug|Win32
		{4E7F3EE4-CF30-459B-B22C-FE1B459734C3}.Debug|x86.Build.0 = Debug|Win32
		{4E7F3EE4-CF30-459B-B22C-FE1B459734C3}.Release|x64.ActiveCfg = Release|x64
		{4E7F3EE4-CF30-459B-B22C-FE1B459734C3}.Release|x64.Build.0 = Release|x64
		{4E7F3EE4-CF30-459B-B22C-FE1B459734C3}.Release|x86.ActiveCfg = Release|Win32
		{4E7F3EE4-CF30-459B-B22C-FE1B459734C3}.Release|x86.Build.0 = Release|Win32
		{850F4BCE-2ADE-46A9-939B-F8FAE6883654}.Debug|x64.ActiveCfg = Debug|x64
		{850F4BCE-2ADE-46A9-939B-F8FAE6883654}.Debug|x64.Build.0 = Debug|x64
		{850F4BCE-2ADE-46A9-939B-F8FAE6883654}.Debug|x86.ActiveCfg = Debug|Win32
		{850F4BCE-2ADE-46A9-939B-F8FAE6883654}.Debug|x86.Build.0 = Debug|Win32
		{850F4BCE-2ADE-46A9-939B-F8FAE6883654}.Release|x64.ActiveCfg = Release|x64
		{850F4BCE-2ADE-46A9-939B-F8FAE6883654}.Release|x64.Build.0 = Release|x64
		{850F4BCE-2ADE-46A9-939B-F8FAE6883654}.Release|x86.ActiveCfg = Release|Win32
		{850F4BCE-2ADE-46A9-939B-F8FAE6883654}.Release|x86.Build.0 = Release|Win32
		{8F8361CF-8483-4DC9-84B6-F5C0A9597AD8}.Debug|x64.ActiveCfg = Debug|x64
		{8F8361CF-8483-4DC9-84B6-F5C0A9597AD8}.Debug|x64.Build.0 = Debug|x64
		{8F8361CF-8483-4DC9-84B6-F5C0A9597AD8}.Debug|x86.ActiveCfg = Debug|Win32
		{8F8361CF-8483-4DC9-84B6-F5C0A9597AD8}.Debug|x86.Build.0 = Debug|Win32
		{8F8361CF-8483-4DC9-84B6-F5C0A9597AD8}.Release|x64.ActiveCfg = Release|x64
		{8F8361CF-8483-4DC9-84B6-F5C0A9597AD8}.Release|x64.Build.0 = Release|x64
		{8F8361CF-8483-4DC9-84B6-F5C0A9597AD8}.Release|x86.ActiveCfg = Release|Win32
		{8F8361CF-8483-4DC9-84B6-F5C0A9597AD8}.Release|x86.Build.0 = Release|Win32
		{C2A2C6C1-11D9-4503-A6A9-C04680A54CB6}.Debug|x64.ActiveCfg = Debug|x64
		{C2A2C6C1-11D9-4503-A6A9-C04680A54CB6}.Debug|x64.Build.0 = Debug|x64
		{C2A2C6C1-11D9-4503-A6A9-C04680A54CB6}.Debug|x86.ActiveCfg = Debug|Win32
		{C2A2C6C1-11D9-4503-A6A9-C04680A54CB6}.Debug|x86.Build.0 = Debug|Win32
		{C2A2C6C1-11D9-4503-A6A9-C04680A54CB6}.Release|x64.ActiveCfg = Release|x64
		{C2A2C6C1-11D9-4503-A6A9-C04680A54CB6}.Release|x64.Build.0 = Release|x64
		{C2A2C6C1-11D9-4503-A6A9-C04680A54CB6}.Release|x86.ActiveCfg = Release|Win32
		{C2A2C6C1-11D9-4503-A6A9-C04680A54CB6}.Release|x86.Build.0 = Release|Win32
		{56987F9B-A30A-491A-A222-BEF5CCCE921C}.Debug|x64.ActiveCfg = Debug|x64
		{56987F9B-A30A-491A-A222-BEF5CCCE921C}.Debug|x64.Build.0 = Debug|x64
		{56987F9B-A30A-491A-A222-BEF5CCCE921C}.Debug|x86.ActiveCfg = Debug|Win32
		{56987F9B-A30A-491A-A222-BEF5CCCE921C}.Debug|x86.Build.0 = Debug|Win32
		{56987F9B-A30A-491A-A222-BEF5CCCE921C}.Release|x64.ActiveCfg = Release|x64
		{56987F9B-A30A-491A-A222-BEF5CCCE921C}.Release|x64.Build.0 = Release|x64
		{56987F9B-A30A-491A-A222-BEF5CCCE921C}.Release|x86.ActiveCfg = Release|Win32
		{56987F9B-A30A-491A-A222-BEF5CCCE921C}.Release|x86.Build.0 = Release|Win32
		{B942034E-D265-4DD7-B06E-58CA4549DD19}.Debug|x64.ActiveCfg = Debug|x64
		{B942034E-D265-4DD7-B06E-58CA4549DD19}.Debug|x64.Build.0 = Debug|x64
		{B942034E-D265-4DD7-B06E-58CA4549DD19}.Debug|x86.ActiveCfg = Debug|Win32
		{B942034E-D265-4DD7-B06E-58CA4549DD19}.Debug|x86.Build.0 = Debug|Win32
		{B942034E-D265-4DD7-B06E-58CA4549DD19}.Release|x64.ActiveCfg = Release|x64
		{B942034E-D265-4DD7-B06E-58CA4549DD19}.Release|x64.Build.0 = Release|x64
		{B942034E-D265-4DD7-B06E-58CA4549DD19}.Release|x86.ActiveCfg = Release|Win32
		{B942034E-D265-4DD7-B06E-58CA4549DD19}.Release|x86.Build.0 = Release|Win32
		{45D18724-17BB-4009-9781-8858B49B71F9}.Debug|x64.ActiveCfg = Debug|x64
		{45D18724-17BB-4009-9781-8858B49B71F9}.Debug|x64.Build.0 = Debug|x64
		{45D18724-17BB-4009-9781-8858B49B71F9}.Debug|x86.ActiveCfg = Debug|Win32
		{45D18724-17BB-4009-9781-8858B49B71F9}.Debug|x86.Build.0 = Debug|Win32
		{45D18724-17BB-4009-9781-8858B49B71F9}.Release|x64.ActiveCfg = Release|x64
		{45D18724-17BB-4009-9781-8858B49B71F9}.Release|x64.Build.0 = Release|x64
		{45D18724-17BB-4009-9781-8858B49B71F9}.Release|x86.ActiveCfg = Release|Win32
		{45D18724-17BB-4009-9781-8858B49B71F9}.Release|x86.Build.0 = Release|Win32
		{EF7DCEC8-3AE3-463E-91A9-815B93AE480E}.Debug|x64.ActiveCfg = Debug|x64
		{EF7DCEC8-3AE3-463E-91A9-815B93AE480E}.Debug|x64.Build.0 = Debug|x64
		{EF7DCEC8-3AE3-463E-91A9-815B93AE480E}.Debug|x86.ActiveCfg = Debug|Win32
		{EF7DCEC8-3AE3-463E-91A9-815B93AE480E}.Debug|x86.Build.0 = Debug|Win32
		{EF7DCEC8-3AE3-463E-91A9-815B93AE480E}.Release|x64.ActiveCfg = Release|x64
		{EF7DCEC8-3AE3-463E-91A9-815B93AE480E}.Release|x64.Build.0 = Release|x64
		{EF7DCEC8-3AE3-463E-91A9-815B93AE480E}.Release|x86.ActiveCfg = Release|Win32
		{EF7DCEC8-3AE3-463E-91A9-815B93AE480E}.Release|x86.Build.0 = Release|Win32
	EndGlobalSection
	GlobalSection(SolutionProperties) = preSolution
		HideSolutionNode = FALSE
	EndGlobalSection
	GlobalSection(ExtensibilityGlobals) = postSolution
		SolutionGuid = {3715952C-A91B-4DE0-9F35-095064528F38}
	EndGlobalSection
EndGlobal
