
Microsoft Visual Studio Solution File, Format Version 12.00
# Visual Studio Version 16
VisualStudioVersion = 16.0.34729.46
MinimumVisualStudioVersion = 10.0.40219.1
Project("{8BC9CEB8-8B4A-11D0-8D11-00A0C91BC942}") = "AHC037", "AHC037\AHC037.vcxproj", "{3CB52CC5-AEBC-479D-926F-49FE04FDAC32}"
EndProject
Project("{8BC9CEB8-8B4A-11D0-8D11-00A0C91BC942}") = "AHC036", "AHC036\AHC036.vcxproj", "{4E7F3EE4-CF30-459B-B22C-FE1B459734C3}"
EndProject
Project("{8BC9CEB8-8B4A-11D0-8D11-00A0C91BC942}") = "AHC038", "AHC038\AHC038.vcxproj", "{850F4BCE-2ADE-46A9-939B-F8FAE6883654}"
EndProject
Project("{8BC9CEB8-8B4A-11D0-8D11-00A0C91BC942}") = "Library", "Library\Library.vcxproj", "{8F8361CF-8483-4DC9-84B6-F5C0A9597AD8}"
EndProject
Project("{8BC9CEB8-8B4A-11D0-8D11-00A0C91BC942}") = "AHC026", "AHC026\AHC026.vcxproj", "{C2A2C6C1-11D9-4503-A6A9-C04680A54CB6}"
EndProject
Project("{8BC9CEB8-8B4A-11D0-8D11-00A0C91BC942}") = "AHC007", "AHC007\AHC007.vcxproj", "{56987F9B-A30A-491A-A222-BEF5CCCE921C}"
EndProject
Project("{8BC9CEB8-8B4A-11D0-8D11-00A0C91BC942}") = "AHC012", "AHC012\AHC012.vcxproj", "{B942034E-D265-4DD7-B06E-58CA4549DD19}"
EndProject
Project("{8BC9CEB8-8B4A-11D0-8D11-00A0C91BC942}") = "AHC039", "AHC039\AHC039.vcxproj", "{45D18724-17BB-4009-9781-8858B49B71F9}"
EndProject
Project("{8BC9CEB8-8B4A-11D0-8D11-00A0C91BC942}") = "AHC040", "AHC040\AHC040.vcxproj", "{EF7DCEC8-3AE3-463E-91A9-815B93AE480E}"
EndProject
Project("{8BC9CEB8-8B4A-11D0-8D11-00A0C91BC942}") = "AHC041", "AHC041\AHC041.vcxproj", "{929B1690-E23B-4AEB-8B21-77253943B219}"
EndProject
Project("{8BC9CEB8-8B4A-11D0-8D11-00A0C91BC942}") = "AHC042", "AHC042\AHC042.vcxproj", "{53277D57-30E4-4496-8A01-0DE24C7CFD38}"
EndProject
Project("{8BC9CEB8-8B4A-11D0-8D11-00A0C91BC942}") = "AHC034", "AHC034\AHC034.vcxproj", "{B024A14B-F152-4DC4-AEE8-1DC0A3B0EC71}"
EndProject
Project("{8BC9CEB8-8B4A-11D0-8D11-00A0C91BC942}") = "AHC035", "AHC035\AHC035.vcxproj", "{773498C0-5D3B-4C7E-A115-A7CE51EFA97F}"
EndProject
Project("{8BC9CEB8-8B4A-11D0-8D11-00A0C91BC942}") = "AHC001", "AHC001\AHC001.vcxproj", "{4F323824-8E98-4778-BCC3-3CF789638BE2}"
EndProject
Project("{8BC9CEB8-8B4A-11D0-8D11-00A0C91BC942}") = "AHC002", "AHC002\AHC002.vcxproj", "{4E75DB76-4115-41FB-B8F4-92D956D9C54B}"
EndProject
Project("{8BC9CEB8-8B4A-11D0-8D11-00A0C91BC942}") = "AHC003", "AHC003\AHC003.vcxproj", "{3D9860D3-89F7-43B5-A493-42094A2C5B9A}"
EndProject
Project("{8BC9CEB8-8B4A-11D0-8D11-00A0C91BC942}") = "AHC004", "AHC004\AHC004.vcxproj", "{BBFB7BB2-D426-4129-8739-1D72D9A3AB5F}"
EndProject
Project("{8BC9CEB8-8B4A-11D0-8D11-00A0C91BC942}") = "AHC005", "AHC005\AHC005.vcxproj", "{035DBF20-3B98-481D-B932-B9A450E612E9}"
EndProject
Project("{8BC9CEB8-8B4A-11D0-8D11-00A0C91BC942}") = "AHC006", "AHC006\AHC006.vcxproj", "{EE9DDEF2-F4CD-4F95-83D8-F51282A52913}"
EndProject
Project("{8BC9CEB8-8B4A-11D0-8D11-00A0C91BC942}") = "AHC008", "AHC008\AHC008.vcxproj", "{743012D5-4D9C-49D8-94A5-0B97C9BC0C6F}"
EndProject
Project("{8BC9CEB8-8B4A-11D0-8D11-00A0C91BC942}") = "AHC009", "AHC009\AHC009.vcxproj", "{AED79751-EACD-42DB-89C6-85AC63084798}"
EndProject
Project("{8BC9CEB8-8B4A-11D0-8D11-00A0C91BC942}") = "AHC010", "AHC010\AHC010.vcxproj", "{9F1DF26E-449F-404F-A378-A710305D39D1}"
EndProject
Project("{8BC9CEB8-8B4A-11D0-8D11-00A0C91BC942}") = "AHC013", "AHC013\AHC013.vcxproj", "{63F96F1F-241A-4C0C-8EF8-B844FDF1FAD3}"
EndProject
Project("{8BC9CEB8-8B4A-11D0-8D11-00A0C91BC942}") = "AHC014", "AHC014\AHC014.vcxproj", "{3D0744AD-0DB4-42FD-AC02-B71A304183BA}"
EndProject
Project("{8BC9CEB8-8B4A-11D0-8D11-00A0C91BC942}") = "AHC015", "AHC015\AHC015.vcxproj", "{632ABD4E-74B3-4B6C-8B79-61FB4122DEBA}"
EndProject
Project("{8BC9CEB8-8B4A-11D0-8D11-00A0C91BC942}") = "AHC011", "AHC011\AHC011.vcxproj", "{3D5EB5C5-D607-4FBF-8290-BCDD08D2333F}"
EndProject
Project("{8BC9CEB8-8B4A-11D0-8D11-00A0C91BC942}") = "AHC016", "AHC016\AHC016.vcxproj", "{D73131FB-A30D-41D3-ACCA-3E33A09D4CC8}"
EndProject
Project("{8BC9CEB8-8B4A-11D0-8D11-00A0C91BC942}") = "AHC017", "AHC017\AHC017.vcxproj", "{ACA18479-DEE7-4AB3-A3ED-DF3AE1ED3EA7}"
EndProject
Project("{8BC9CEB8-8B4A-11D0-8D11-00A0C91BC942}") = "AHC018", "AHC018\AHC018.vcxproj", "{8B800505-0BBB-4114-BBAE-98B9026488F3}"
EndProject
Project("{8BC9CEB8-8B4A-11D0-8D11-00A0C91BC942}") = "AHC019", "AHC019\AHC019.vcxproj", "{175CE402-F113-4E06-8D3B-5D2420305C80}"
EndProject
Project("{8BC9CEB8-8B4A-11D0-8D11-00A0C91BC942}") = "AHC020", "AHC020\AHC020.vcxproj", "{910CC765-4048-463E-A8A1-FBED970A32DD}"
EndProject
Project("{8BC9CEB8-8B4A-11D0-8D11-00A0C91BC942}") = "AHC021", "AHC021\AHC021.vcxproj", "{5859B621-5C89-470A-8F71-A9FE8F67E6F4}"
EndProject
Project("{8BC9CEB8-8B4A-11D0-8D11-00A0C91BC942}") = "AHC022", "AHC022\AHC022.vcxproj", "{2935F22C-1F4A-4AB7-887A-453C19EE30FF}"
EndProject
Project("{8BC9CEB8-8B4A-11D0-8D11-00A0C91BC942}") = "AHC023", "AHC023\AHC023.vcxproj", "{74077724-A147-43DF-82E0-E6C9E0EC5FFB}"
EndProject
Project("{8BC9CEB8-8B4A-11D0-8D11-00A0C91BC942}") = "AHC024", "AHC024\AHC024.vcxproj", "{00BC0F07-3051-4281-91D6-B21CA94B011C}"
EndProject
Project("{8BC9CEB8-8B4A-11D0-8D11-00A0C91BC942}") = "AHC025", "AHC025\AHC025.vcxproj", "{AFFB85C0-DD90-4AE7-9C0C-61D4DF7E486D}"
EndProject
Project("{8BC9CEB8-8B4A-11D0-8D11-00A0C91BC942}") = "AHC027", "AHC027\AHC027.vcxproj", "{53131155-29EB-4F9B-BC84-6CD75BCABB69}"
EndProject
Project("{8BC9CEB8-8B4A-11D0-8D11-00A0C91BC942}") = "AHC028", "AHC028\AHC028.vcxproj", "{8569401F-6066-462E-B596-13959CB7D46B}"
EndProject
Project("{8BC9CEB8-8B4A-11D0-8D11-00A0C91BC942}") = "AHC029", "AHC029\AHC029.vcxproj", "{103CF5F7-AFEC-466F-A441-53B962559B5E}"
EndProject
Project("{8BC9CEB8-8B4A-11D0-8D11-00A0C91BC942}") = "AHC030", "AHC030\AHC030.vcxproj", "{B90B86C4-12EF-44A3-88D9-9E3A60B3474A}"
EndProject
Project("{8BC9CEB8-8B4A-11D0-8D11-00A0C91BC942}") = "AHC031", "AHC031\AHC031.vcxproj", "{03AF02D1-F1CC-4118-ABC9-671AAD46B202}"
EndProject
Project("{8BC9CEB8-8B4A-11D0-8D11-00A0C91BC942}") = "AHC032", "AHC032\AHC032.vcxproj", "{761F05E4-0418-4248-AA36-059EA294D2DB}"
EndProject
Project("{8BC9CEB8-8B4A-11D0-8D11-00A0C91BC942}") = "AHC033", "AHC033\AHC033.vcxproj", "{D561FF16-BA74-4193-B683-E8DC8E5A3106}"
EndProject
Global
	GlobalSection(SolutionConfigurationPlatforms) = preSolution
		Debug|x64 = Debug|x64
		Debug|x86 = Debug|x86
		Release|x64 = Release|x64
		Release|x86 = Release|x86
	EndGlobalSection
	GlobalSection(ProjectConfigurationPlatforms) = postSolution
		{3CB52CC5-AEBC-479D-926F-49FE04FDAC32}.Debug|x64.ActiveCfg = Debug|x64
		{3CB52CC5-AEBC-479D-926F-49FE04FDAC32}.Debug|x64.Build.0 = Debug|x64
		{3CB52CC5-AEBC-479D-926F-49FE04FDAC32}.Debug|x86.ActiveCfg = Debug|Win32
		{3CB52CC5-AEBC-479D-926F-49FE04FDAC32}.Debug|x86.Build.0 = Debug|Win32
		{3CB52CC5-AEBC-479D-926F-49FE04FDAC32}.Release|x64.ActiveCfg = Release|x64
		{3CB52CC5-AEBC-479D-926F-49FE04FDAC32}.Release|x64.Build.0 = Release|x64
		{3CB52CC5-AEBC-479D-926F-49FE04FDAC32}.Release|x86.ActiveCfg = Release|Win32
		{3CB52CC5-AEBC-479D-926F-49FE04FDAC32}.Release|x86.Build.0 = Release|Win32
		{4E7F3EE4-CF30-459B-B22C-FE1B459734C3}.Debug|x64.ActiveCfg = Debug|x64
		{4E7F3EE4-CF30-459B-B22C-FE1B459734C3}.Debug|x64.Build.0 = Debug|x64
		{4E7F3EE4-CF30-459B-B22C-FE1B459734C3}.Debug|x86.ActiveCfg = Debug|Win32
		{4E7F3EE4-CF30-459B-B22C-FE1B459734C3}.Debug|x86.Build.0 = Debug|Win32
		{4E7F3EE4-CF30-459B-B22C-FE1B459734C3}.Release|x64.ActiveCfg = Release|x64
		{4E7F3EE4-CF30-459B-B22C-FE1B459734C3}.Release|x64.Build.0 = Release|x64
		{4E7F3EE4-CF30-459B-B22C-FE1B459734C3}.Release|x86.ActiveCfg = Release|Win32
		{4E7F3EE4-CF30-459B-B22C-FE1B459734C3}.Release|x86.Build.0 = Release|Win32
		{850F4BCE-2ADE-46A9-939B-F8FAE6883654}.Debug|x64.ActiveCfg = Debug|x64
		{850F4BCE-2ADE-46A9-939B-F8FAE6883654}.Debug|x64.Build.0 = Debug|x64
		{850F4BCE-2ADE-46A9-939B-F8FAE6883654}.Debug|x86.ActiveCfg = Debug|Win32
		{850F4BCE-2ADE-46A9-939B-F8FAE6883654}.Debug|x86.Build.0 = Debug|Win32
		{850F4BCE-2ADE-46A9-939B-F8FAE6883654}.Release|x64.ActiveCfg = Release|x64
		{850F4BCE-2ADE-46A9-939B-F8FAE6883654}.Release|x64.Build.0 = Release|x64
		{850F4BCE-2ADE-46A9-939B-F8FAE6883654}.Release|x86.ActiveCfg = Release|Win32
		{850F4BCE-2ADE-46A9-939B-F8FAE6883654}.Release|x86.Build.0 = Release|Win32
		{8F8361CF-8483-4DC9-84B6-F5C0A9597AD8}.Debug|x64.ActiveCfg = Debug|x64
		{8F8361CF-8483-4DC9-84B6-F5C0A9597AD8}.Debug|x64.Build.0 = Debug|x64
		{8F8361CF-8483-4DC9-84B6-F5C0A9597AD8}.Debug|x86.ActiveCfg = Debug|Win32
		{8F8361CF-8483-4DC9-84B6-F5C0A9597AD8}.Debug|x86.Build.0 = Debug|Win32
		{8F8361CF-8483-4DC9-84B6-F5C0A9597AD8}.Release|x64.ActiveCfg = Release|x64
		{8F8361CF-8483-4DC9-84B6-F5C0A9597AD8}.Release|x64.Build.0 = Release|x64
		{8F8361CF-8483-4DC9-84B6-F5C0A9597AD8}.Release|x86.ActiveCfg = Release|Win32
		{8F8361CF-8483-4DC9-84B6-F5C0A9597AD8}.Release|x86.Build.0 = Release|Win32
		{C2A2C6C1-11D9-4503-A6A9-C04680A54CB6}.Debug|x64.ActiveCfg = Debug|x64
		{C2A2C6C1-11D9-4503-A6A9-C04680A54CB6}.Debug|x64.Build.0 = Debug|x64
		{C2A2C6C1-11D9-4503-A6A9-C04680A54CB6}.Debug|x86.ActiveCfg = Debug|Win32
		{C2A2C6C1-11D9-4503-A6A9-C04680A54CB6}.Debug|x86.Build.0 = Debug|Win32
		{C2A2C6C1-11D9-4503-A6A9-C04680A54CB6}.Release|x64.ActiveCfg = Release|x64
		{C2A2C6C1-11D9-4503-A6A9-C04680A54CB6}.Release|x64.Build.0 = Release|x64
		{C2A2C6C1-11D9-4503-A6A9-C04680A54CB6}.Release|x86.ActiveCfg = Release|Win32
		{C2A2C6C1-11D9-4503-A6A9-C04680A54CB6}.Release|x86.Build.0 = Release|Win32
		{56987F9B-A30A-491A-A222-BEF5CCCE921C}.Debug|x64.ActiveCfg = Debug|x64
		{56987F9B-A30A-491A-A222-BEF5CCCE921C}.Debug|x64.Build.0 = Debug|x64
		{56987F9B-A30A-491A-A222-BEF5CCCE921C}.Debug|x86.ActiveCfg = Debug|Win32
		{56987F9B-A30A-491A-A222-BEF5CCCE921C}.Debug|x86.Build.0 = Debug|Win32
		{56987F9B-A30A-491A-A222-BEF5CCCE921C}.Release|x64.ActiveCfg = Release|x64
		{56987F9B-A30A-491A-A222-BEF5CCCE921C}.Release|x64.Build.0 = Release|x64
		{56987F9B-A30A-491A-A222-BEF5CCCE921C}.Release|x86.ActiveCfg = Release|Win32
		{56987F9B-A30A-491A-A222-BEF5CCCE921C}.Release|x86.Build.0 = Release|Win32
		{B942034E-D265-4DD7-B06E-58CA4549DD19}.Debug|x64.ActiveCfg = Debug|x64
		{B942034E-D265-4DD7-B06E-58CA4549DD19}.Debug|x64.Build.0 = Debug|x64
		{B942034E-D265-4DD7-B06E-58CA4549DD19}.Debug|x86.ActiveCfg = Debug|Win32
		{B942034E-D265-4DD7-B06E-58CA4549DD19}.Debug|x86.Build.0 = Debug|Win32
		{B942034E-D265-4DD7-B06E-58CA4549DD19}.Release|x64.ActiveCfg = Release|x64
		{B942034E-D265-4DD7-B06E-58CA4549DD19}.Release|x64.Build.0 = Release|x64
		{B942034E-D265-4DD7-B06E-58CA4549DD19}.Release|x86.ActiveCfg = Release|Win32
		{B942034E-D265-4DD7-B06E-58CA4549DD19}.Release|x86.Build.0 = Release|Win32
		{45D18724-17BB-4009-9781-8858B49B71F9}.Debug|x64.ActiveCfg = Debug|x64
		{45D18724-17BB-4009-9781-8858B49B71F9}.Debug|x64.Build.0 = Debug|x64
		{45D18724-17BB-4009-9781-8858B49B71F9}.Debug|x86.ActiveCfg = Debug|Win32
		{45D18724-17BB-4009-9781-8858B49B71F9}.Debug|x86.Build.0 = Debug|Win32
		{45D18724-17BB-4009-9781-8858B49B71F9}.Release|x64.ActiveCfg = Release|x64
		{45D18724-17BB-4009-9781-8858B49B71F9}.Release|x64.Build.0 = Release|x64
		{45D18724-17BB-4009-9781-8858B49B71F9}.Release|x86.ActiveCfg = Release|Win32
		{45D18724-17BB-4009-9781-8858B49B71F9}.Release|x86.Build.0 = Release|Win32
		{EF7DCEC8-3AE3-463E-91A9-815B93AE480E}.Debug|x64.ActiveCfg = Debug|x64
		{EF7DCEC8-3AE3-463E-91A9-815B93AE480E}.Debug|x64.Build.0 = Debug|x64
		{EF7DCEC8-3AE3-463E-91A9-815B93AE480E}.Debug|x86.ActiveCfg = Debug|Win32
		{EF7DCEC8-3AE3-463E-91A9-815B93AE480E}.Debug|x86.Build.0 = Debug|Win32
		{EF7DCEC8-3AE3-463E-91A9-815B93AE480E}.Release|x64.ActiveCfg = Release|x64
		{EF7DCEC8-3AE3-463E-91A9-815B93AE480E}.Release|x64.Build.0 = Release|x64
		{EF7DCEC8-3AE3-463E-91A9-815B93AE480E}.Release|x86.ActiveCfg = Release|Win32
		{EF7DCEC8-3AE3-463E-91A9-815B93AE480E}.Release|x86.Build.0 = Release|Win32
		{929B1690-E23B-4AEB-8B21-77253943B219}.Debug|x64.ActiveCfg = Debug|x64
		{929B1690-E23B-4AEB-8B21-77253943B219}.Debug|x64.Build.0 = Debug|x64
		{929B1690-E23B-4AEB-8B21-77253943B219}.Debug|x86.ActiveCfg = Debug|Win32
		{929B1690-E23B-4AEB-8B21-77253943B219}.Debug|x86.Build.0 = Debug|Win32
		{929B1690-E23B-4AEB-8B21-77253943B219}.Release|x64.ActiveCfg = Release|x64
		{929B1690-E23B-4AEB-8B21-77253943B219}.Release|x64.Build.0 = Release|x64
		{929B1690-E23B-4AEB-8B21-77253943B219}.Release|x86.ActiveCfg = Release|Win32
		{929B1690-E23B-4AEB-8B21-77253943B219}.Release|x86.Build.0 = Release|Win32
		{53277D57-30E4-4496-8A01-0DE24C7CFD38}.Debug|x64.ActiveCfg = Debug|x64
		{53277D57-30E4-4496-8A01-0DE24C7CFD38}.Debug|x64.Build.0 = Debug|x64
		{53277D57-30E4-4496-8A01-0DE24C7CFD38}.Debug|x86.ActiveCfg = Debug|Win32
		{53277D57-30E4-4496-8A01-0DE24C7CFD38}.Debug|x86.Build.0 = Debug|Win32
		{53277D57-30E4-4496-8A01-0DE24C7CFD38}.Release|x64.ActiveCfg = Release|x64
		{53277D57-30E4-4496-8A01-0DE24C7CFD38}.Release|x64.Build.0 = Release|x64
		{53277D57-30E4-4496-8A01-0DE24C7CFD38}.Release|x86.ActiveCfg = Release|Win32
		{53277D57-30E4-4496-8A01-0DE24C7CFD38}.Release|x86.Build.0 = Release|Win32
		{B024A14B-F152-4DC4-AEE8-1DC0A3B0EC71}.Debug|x64.ActiveCfg = Debug|x64
		{B024A14B-F152-4DC4-AEE8-1DC0A3B0EC71}.Debug|x64.Build.0 = Debug|x64
		{B024A14B-F152-4DC4-AEE8-1DC0A3B0EC71}.Debug|x86.ActiveCfg = Debug|Win32
		{B024A14B-F152-4DC4-AEE8-1DC0A3B0EC71}.Debug|x86.Build.0 = Debug|Win32
		{B024A14B-F152-4DC4-AEE8-1DC0A3B0EC71}.Release|x64.ActiveCfg = Release|x64
		{B024A14B-F152-4DC4-AEE8-1DC0A3B0EC71}.Release|x64.Build.0 = Release|x64
		{B024A14B-F152-4DC4-AEE8-1DC0A3B0EC71}.Release|x86.ActiveCfg = Release|Win32
		{B024A14B-F152-4DC4-AEE8-1DC0A3B0EC71}.Release|x86.Build.0 = Release|Win32
		{773498C0-5D3B-4C7E-A115-A7CE51EFA97F}.Debug|x64.ActiveCfg = Debug|x64
		{773498C0-5D3B-4C7E-A115-A7CE51EFA97F}.Debug|x64.Build.0 = Debug|x64
		{773498C0-5D3B-4C7E-A115-A7CE51EFA97F}.Debug|x86.ActiveCfg = Debug|Win32
		{773498C0-5D3B-4C7E-A115-A7CE51EFA97F}.Debug|x86.Build.0 = Debug|Win32
		{773498C0-5D3B-4C7E-A115-A7CE51EFA97F}.Release|x64.ActiveCfg = Release|x64
		{773498C0-5D3B-4C7E-A115-A7CE51EFA97F}.Release|x64.Build.0 = Release|x64
		{773498C0-5D3B-4C7E-A115-A7CE51EFA97F}.Release|x86.ActiveCfg = Release|Win32
		{773498C0-5D3B-4C7E-A115-A7CE51EFA97F}.Release|x86.Build.0 = Release|Win32
		{4F323824-8E98-4778-BCC3-3CF789638BE2}.Debug|x64.ActiveCfg = Debug|x64
		{4F323824-8E98-4778-BCC3-3CF789638BE2}.Debug|x64.Build.0 = Debug|x64
		{4F323824-8E98-4778-BCC3-3CF789638BE2}.Debug|x86.ActiveCfg = Debug|Win32
		{4F323824-8E98-4778-BCC3-3CF789638BE2}.Debug|x86.Build.0 = Debug|Win32
		{4F323824-8E98-4778-BCC3-3CF789638BE2}.Release|x64.ActiveCfg = Release|x64
		{4F323824-8E98-4778-BCC3-3CF789638BE2}.Release|x64.Build.0 = Release|x64
		{4F323824-8E98-4778-BCC3-3CF789638BE2}.Release|x86.ActiveCfg = Release|Win32
		{4F323824-8E98-4778-BCC3-3CF789638BE2}.Release|x86.Build.0 = Release|Win32
		{4E75DB76-4115-41FB-B8F4-92D956D9C54B}.Debug|x64.ActiveCfg = Debug|x64
		{4E75DB76-4115-41FB-B8F4-92D956D9C54B}.Debug|x64.Build.0 = Debug|x64
		{4E75DB76-4115-41FB-B8F4-92D956D9C54B}.Debug|x86.ActiveCfg = Debug|Win32
		{4E75DB76-4115-41FB-B8F4-92D956D9C54B}.Debug|x86.Build.0 = Debug|Win32
		{4E75DB76-4115-41FB-B8F4-92D956D9C54B}.Release|x64.ActiveCfg = Release|x64
		{4E75DB76-4115-41FB-B8F4-92D956D9C54B}.Release|x64.Build.0 = Release|x64
		{4E75DB76-4115-41FB-B8F4-92D956D9C54B}.Release|x86.ActiveCfg = Release|Win32
		{4E75DB76-4115-41FB-B8F4-92D956D9C54B}.Release|x86.Build.0 = Release|Win32
		{3D9860D3-89F7-43B5-A493-42094A2C5B9A}.Debug|x64.ActiveCfg = Debug|x64
		{3D9860D3-89F7-43B5-A493-42094A2C5B9A}.Debug|x64.Build.0 = Debug|x64
		{3D9860D3-89F7-43B5-A493-42094A2C5B9A}.Debug|x86.ActiveCfg = Debug|Win32
		{3D9860D3-89F7-43B5-A493-42094A2C5B9A}.Debug|x86.Build.0 = Debug|Win32
		{3D9860D3-89F7-43B5-A493-42094A2C5B9A}.Release|x64.ActiveCfg = Release|x64
		{3D9860D3-89F7-43B5-A493-42094A2C5B9A}.Release|x64.Build.0 = Release|x64
		{3D9860D3-89F7-43B5-A493-42094A2C5B9A}.Release|x86.ActiveCfg = Release|Win32
		{3D9860D3-89F7-43B5-A493-42094A2C5B9A}.Release|x86.Build.0 = Release|Win32
		{BBFB7BB2-D426-4129-8739-1D72D9A3AB5F}.Debug|x64.ActiveCfg = Debug|x64
		{BBFB7BB2-D426-4129-8739-1D72D9A3AB5F}.Debug|x64.Build.0 = Debug|x64
		{BBFB7BB2-D426-4129-8739-1D72D9A3AB5F}.Debug|x86.ActiveCfg = Debug|Win32
		{BBFB7BB2-D426-4129-8739-1D72D9A3AB5F}.Debug|x86.Build.0 = Debug|Win32
		{BBFB7BB2-D426-4129-8739-1D72D9A3AB5F}.Release|x64.ActiveCfg = Release|x64
		{BBFB7BB2-D426-4129-8739-1D72D9A3AB5F}.Release|x64.Build.0 = Release|x64
		{BBFB7BB2-D426-4129-8739-1D72D9A3AB5F}.Release|x86.ActiveCfg = Release|Win32
		{BBFB7BB2-D426-4129-8739-1D72D9A3AB5F}.Release|x86.Build.0 = Release|Win32
		{035DBF20-3B98-481D-B932-B9A450E612E9}.Debug|x64.ActiveCfg = Debug|x64
		{035DBF20-3B98-481D-B932-B9A450E612E9}.Debug|x64.Build.0 = Debug|x64
		{035DBF20-3B98-481D-B932-B9A450E612E9}.Debug|x86.ActiveCfg = Debug|Win32
		{035DBF20-3B98-481D-B932-B9A450E612E9}.Debug|x86.Build.0 = Debug|Win32
		{035DBF20-3B98-481D-B932-B9A450E612E9}.Release|x64.ActiveCfg = Release|x64
		{035DBF20-3B98-481D-B932-B9A450E612E9}.Release|x64.Build.0 = Release|x64
		{035DBF20-3B98-481D-B932-B9A450E612E9}.Release|x86.ActiveCfg = Release|Win32
		{035DBF20-3B98-481D-B932-B9A450E612E9}.Release|x86.Build.0 = Release|Win32
		{EE9DDEF2-F4CD-4F95-83D8-F51282A52913}.Debug|x64.ActiveCfg = Debug|x64
		{EE9DDEF2-F4CD-4F95-83D8-F51282A52913}.Debug|x64.Build.0 = Debug|x64
		{EE9DDEF2-F4CD-4F95-83D8-F51282A52913}.Debug|x86.ActiveCfg = Debug|Win32
		{EE9DDEF2-F4CD-4F95-83D8-F51282A52913}.Debug|x86.Build.0 = Debug|Win32
		{EE9DDEF2-F4CD-4F95-83D8-F51282A52913}.Release|x64.ActiveCfg = Release|x64
		{EE9DDEF2-F4CD-4F95-83D8-F51282A52913}.Release|x64.Build.0 = Release|x64
		{EE9DDEF2-F4CD-4F95-83D8-F51282A52913}.Release|x86.ActiveCfg = Release|Win32
		{EE9DDEF2-F4CD-4F95-83D8-F51282A52913}.Release|x86.Build.0 = Release|Win32
		{743012D5-4D9C-49D8-94A5-0B97C9BC0C6F}.Debug|x64.ActiveCfg = Debug|x64
		{743012D5-4D9C-49D8-94A5-0B97C9BC0C6F}.Debug|x64.Build.0 = Debug|x64
		{743012D5-4D9C-49D8-94A5-0B97C9BC0C6F}.Debug|x86.ActiveCfg = Debug|Win32
		{743012D5-4D9C-49D8-94A5-0B97C9BC0C6F}.Debug|x86.Build.0 = Debug|Win32
		{743012D5-4D9C-49D8-94A5-0B97C9BC0C6F}.Release|x64.ActiveCfg = Release|x64
		{743012D5-4D9C-49D8-94A5-0B97C9BC0C6F}.Release|x64.Build.0 = Release|x64
		{743012D5-4D9C-49D8-94A5-0B97C9BC0C6F}.Release|x86.ActiveCfg = Release|Win32
		{743012D5-4D9C-49D8-94A5-0B97C9BC0C6F}.Release|x86.Build.0 = Release|Win32
		{AED79751-EACD-42DB-89C6-85AC63084798}.Debug|x64.ActiveCfg = Debug|x64
		{AED79751-EACD-42DB-89C6-85AC63084798}.Debug|x64.Build.0 = Debug|x64
		{AED79751-EACD-42DB-89C6-85AC63084798}.Debug|x86.ActiveCfg = Debug|Win32
		{AED79751-EACD-42DB-89C6-85AC63084798}.Debug|x86.Build.0 = Debug|Win32
		{AED79751-EACD-42DB-89C6-85AC63084798}.Release|x64.ActiveCfg = Release|x64
		{AED79751-EACD-42DB-89C6-85AC63084798}.Release|x64.Build.0 = Release|x64
		{AED79751-EACD-42DB-89C6-85AC63084798}.Release|x86.ActiveCfg = Release|Win32
		{AED79751-EACD-42DB-89C6-85AC63084798}.Release|x86.Build.0 = Release|Win32
		{9F1DF26E-449F-404F-A378-A710305D39D1}.Debug|x64.ActiveCfg = Debug|x64
		{9F1DF26E-449F-404F-A378-A710305D39D1}.Debug|x64.Build.0 = Debug|x64
		{9F1DF26E-449F-404F-A378-A710305D39D1}.Debug|x86.ActiveCfg = Debug|Win32
		{9F1DF26E-449F-404F-A378-A710305D39D1}.Debug|x86.Build.0 = Debug|Win32
		{9F1DF26E-449F-404F-A378-A710305D39D1}.Release|x64.ActiveCfg = Release|x64
		{9F1DF26E-449F-404F-A378-A710305D39D1}.Release|x64.Build.0 = Release|x64
		{9F1DF26E-449F-404F-A378-A710305D39D1}.Release|x86.ActiveCfg = Release|Win32
		{9F1DF26E-449F-404F-A378-A710305D39D1}.Release|x86.Build.0 = Release|Win32
		{63F96F1F-241A-4C0C-8EF8-B844FDF1FAD3}.Debug|x64.ActiveCfg = Debug|x64
		{63F96F1F-241A-4C0C-8EF8-B844FDF1FAD3}.Debug|x64.Build.0 = Debug|x64
		{63F96F1F-241A-4C0C-8EF8-B844FDF1FAD3}.Debug|x86.ActiveCfg = Debug|Win32
		{63F96F1F-241A-4C0C-8EF8-B844FDF1FAD3}.Debug|x86.Build.0 = Debug|Win32
		{63F96F1F-241A-4C0C-8EF8-B844FDF1FAD3}.Release|x64.ActiveCfg = Release|x64
		{63F96F1F-241A-4C0C-8EF8-B844FDF1FAD3}.Release|x64.Build.0 = Release|x64
		{63F96F1F-241A-4C0C-8EF8-B844FDF1FAD3}.Release|x86.ActiveCfg = Release|Win32
		{63F96F1F-241A-4C0C-8EF8-B844FDF1FAD3}.Release|x86.Build.0 = Release|Win32
		{3D0744AD-0DB4-42FD-AC02-B71A304183BA}.Debug|x64.ActiveCfg = Debug|x64
		{3D0744AD-0DB4-42FD-AC02-B71A304183BA}.Debug|x64.Build.0 = Debug|x64
		{3D0744AD-0DB4-42FD-AC02-B71A304183BA}.Debug|x86.ActiveCfg = Debug|Win32
		{3D0744AD-0DB4-42FD-AC02-B71A304183BA}.Debug|x86.Build.0 = Debug|Win32
		{3D0744AD-0DB4-42FD-AC02-B71A304183BA}.Release|x64.ActiveCfg = Release|x64
		{3D0744AD-0DB4-42FD-AC02-B71A304183BA}.Release|x64.Build.0 = Release|x64
		{3D0744AD-0DB4-42FD-AC02-B71A304183BA}.Release|x86.ActiveCfg = Release|Win32
		{3D0744AD-0DB4-42FD-AC02-B71A304183BA}.Release|x86.Build.0 = Release|Win32
		{632ABD4E-74B3-4B6C-8B79-61FB4122DEBA}.Debug|x64.ActiveCfg = Debug|x64
		{632ABD4E-74B3-4B6C-8B79-61FB4122DEBA}.Debug|x64.Build.0 = Debug|x64
		{632ABD4E-74B3-4B6C-8B79-61FB4122DEBA}.Debug|x86.ActiveCfg = Debug|Win32
		{632ABD4E-74B3-4B6C-8B79-61FB4122DEBA}.Debug|x86.Build.0 = Debug|Win32
		{632ABD4E-74B3-4B6C-8B79-61FB4122DEBA}.Release|x64.ActiveCfg = Release|x64
		{632ABD4E-74B3-4B6C-8B79-61FB4122DEBA}.Release|x64.Build.0 = Release|x64
		{632ABD4E-74B3-4B6C-8B79-61FB4122DEBA}.Release|x86.ActiveCfg = Release|Win32
		{632ABD4E-74B3-4B6C-8B79-61FB4122DEBA}.Release|x86.Build.0 = Release|Win32
		{3D5EB5C5-D607-4FBF-8290-BCDD08D2333F}.Debug|x64.ActiveCfg = Debug|x64
		{3D5EB5C5-D607-4FBF-8290-BCDD08D2333F}.Debug|x64.Build.0 = Debug|x64
		{3D5EB5C5-D607-4FBF-8290-BCDD08D2333F}.Debug|x86.ActiveCfg = Debug|Win32
		{3D5EB5C5-D607-4FBF-8290-BCDD08D2333F}.Debug|x86.Build.0 = Debug|Win32
		{3D5EB5C5-D607-4FBF-8290-BCDD08D2333F}.Release|x64.ActiveCfg = Release|x64
		{3D5EB5C5-D607-4FBF-8290-BCDD08D2333F}.Release|x64.Build.0 = Release|x64
		{3D5EB5C5-D607-4FBF-8290-BCDD08D2333F}.Release|x86.ActiveCfg = Release|Win32
		{3D5EB5C5-D607-4FBF-8290-BCDD08D2333F}.Release|x86.Build.0 = Release|Win32
		{D73131FB-A30D-41D3-ACCA-3E33A09D4CC8}.Debug|x64.ActiveCfg = Debug|x64
		{D73131FB-A30D-41D3-ACCA-3E33A09D4CC8}.Debug|x64.Build.0 = Debug|x64
		{D73131FB-A30D-41D3-ACCA-3E33A09D4CC8}.Debug|x86.ActiveCfg = Debug|Win32
		{D73131FB-A30D-41D3-ACCA-3E33A09D4CC8}.Debug|x86.Build.0 = Debug|Win32
		{D73131FB-A30D-41D3-ACCA-3E33A09D4CC8}.Release|x64.ActiveCfg = Release|x64
		{D73131FB-A30D-41D3-ACCA-3E33A09D4CC8}.Release|x64.Build.0 = Release|x64
		{D73131FB-A30D-41D3-ACCA-3E33A09D4CC8}.Release|x86.ActiveCfg = Release|Win32
		{D73131FB-A30D-41D3-ACCA-3E33A09D4CC8}.Release|x86.Build.0 = Release|Win32
		{ACA18479-DEE7-4AB3-A3ED-DF3AE1ED3EA7}.Debug|x64.ActiveCfg = Debug|x64
		{ACA18479-DEE7-4AB3-A3ED-DF3AE1ED3EA7}.Debug|x64.Build.0 = Debug|x64
		{ACA18479-DEE7-4AB3-A3ED-DF3AE1ED3EA7}.Debug|x86.ActiveCfg = Debug|Win32
		{ACA18479-DEE7-4AB3-A3ED-DF3AE1ED3EA7}.Debug|x86.Build.0 = Debug|Win32
		{ACA18479-DEE7-4AB3-A3ED-DF3AE1ED3EA7}.Release|x64.ActiveCfg = Release|x64
		{ACA18479-DEE7-4AB3-A3ED-DF3AE1ED3EA7}.Release|x64.Build.0 = Release|x64
		{ACA18479-DEE7-4AB3-A3ED-DF3AE1ED3EA7}.Release|x86.ActiveCfg = Release|Win32
		{ACA18479-DEE7-4AB3-A3ED-DF3AE1ED3EA7}.Release|x86.Build.0 = Release|Win32
		{8B800505-0BBB-4114-BBAE-98B9026488F3}.Debug|x64.ActiveCfg = Debug|x64
		{8B800505-0BBB-4114-BBAE-98B9026488F3}.Debug|x64.Build.0 = Debug|x64
		{8B800505-0BBB-4114-BBAE-98B9026488F3}.Debug|x86.ActiveCfg = Debug|Win32
		{8B800505-0BBB-4114-BBAE-98B9026488F3}.Debug|x86.Build.0 = Debug|Win32
		{8B800505-0BBB-4114-BBAE-98B9026488F3}.Release|x64.ActiveCfg = Release|x64
		{8B800505-0BBB-4114-BBAE-98B9026488F3}.Release|x64.Build.0 = Release|x64
		{8B800505-0BBB-4114-BBAE-98B9026488F3}.Release|x86.ActiveCfg = Release|Win32
		{8B800505-0BBB-4114-BBAE-98B9026488F3}.Release|x86.Build.0 = Release|Win32
		{175CE402-F113-4E06-8D3B-5D2420305C80}.Debug|x64.ActiveCfg = Debug|x64
		{175CE402-F113-4E06-8D3B-5D2420305C80}.Debug|x64.Build.0 = Debug|x64
		{175CE402-F113-4E06-8D3B-5D2420305C80}.Debug|x86.ActiveCfg = Debug|Win32
		{175CE402-F113-4E06-8D3B-5D2420305C80}.Debug|x86.Build.0 = Debug|Win32
		{175CE402-F113-4E06-8D3B-5D2420305C80}.Release|x64.ActiveCfg = Release|x64
		{175CE402-F113-4E06-8D3B-5D2420305C80}.Release|x64.Build.0 = Release|x64
		{175CE402-F113-4E06-8D3B-5D2420305C80}.Release|x86.ActiveCfg = Release|Win32
		{175CE402-F113-4E06-8D3B-5D2420305C80}.Release|x86.Build.0 = Release|Win32
		{910CC765-4048-463E-A8A1-FBED970A32DD}.Debug|x64.ActiveCfg = Debug|x64
		{910CC765-4048-463E-A8A1-FBED970A32DD}.Debug|x64.Build.0 = Debug|x64
		{910CC765-4048-463E-A8A1-FBED970A32DD}.Debug|x86.ActiveCfg = Debug|Win32
		{910CC765-4048-463E-A8A1-FBED970A32DD}.Debug|x86.Build.0 = Debug|Win32
		{910CC765-4048-463E-A8A1-FBED970A32DD}.Release|x64.ActiveCfg = Release|x64
		{910CC765-4048-463E-A8A1-FBED970A32DD}.Release|x64.Build.0 = Release|x64
		{910CC765-4048-463E-A8A1-FBED970A32DD}.Release|x86.ActiveCfg = Release|Win32
		{910CC765-4048-463E-A8A1-FBED970A32DD}.Release|x86.Build.0 = Release|Win32
		{5859B621-5C89-470A-8F71-A9FE8F67E6F4}.Debug|x64.ActiveCfg = Debug|x64
		{5859B621-5C89-470A-8F71-A9FE8F67E6F4}.Debug|x64.Build.0 = Debug|x64
		{5859B621-5C89-470A-8F71-A9FE8F67E6F4}.Debug|x86.ActiveCfg = Debug|Win32
		{5859B621-5C89-470A-8F71-A9FE8F67E6F4}.Debug|x86.Build.0 = Debug|Win32
		{5859B621-5C89-470A-8F71-A9FE8F67E6F4}.Release|x64.ActiveCfg = Release|x64
		{5859B621-5C89-470A-8F71-A9FE8F67E6F4}.Release|x64.Build.0 = Release|x64
		{5859B621-5C89-470A-8F71-A9FE8F67E6F4}.Release|x86.ActiveCfg = Release|Win32
		{5859B621-5C89-470A-8F71-A9FE8F67E6F4}.Release|x86.Build.0 = Release|Win32
		{2935F22C-1F4A-4AB7-887A-453C19EE30FF}.Debug|x64.ActiveCfg = Debug|x64
		{2935F22C-1F4A-4AB7-887A-453C19EE30FF}.Debug|x64.Build.0 = Debug|x64
		{2935F22C-1F4A-4AB7-887A-453C19EE30FF}.Debug|x86.ActiveCfg = Debug|Win32
		{2935F22C-1F4A-4AB7-887A-453C19EE30FF}.Debug|x86.Build.0 = Debug|Win32
		{2935F22C-1F4A-4AB7-887A-453C19EE30FF}.Release|x64.ActiveCfg = Release|x64
		{2935F22C-1F4A-4AB7-887A-453C19EE30FF}.Release|x64.Build.0 = Release|x64
		{2935F22C-1F4A-4AB7-887A-453C19EE30FF}.Release|x86.ActiveCfg = Release|Win32
		{2935F22C-1F4A-4AB7-887A-453C19EE30FF}.Release|x86.Build.0 = Release|Win32
		{74077724-A147-43DF-82E0-E6C9E0EC5FFB}.Debug|x64.ActiveCfg = Debug|x64
		{74077724-A147-43DF-82E0-E6C9E0EC5FFB}.Debug|x64.Build.0 = Debug|x64
		{74077724-A147-43DF-82E0-E6C9E0EC5FFB}.Debug|x86.ActiveCfg = Debug|Win32
		{74077724-A147-43DF-82E0-E6C9E0EC5FFB}.Debug|x86.Build.0 = Debug|Win32
		{74077724-A147-43DF-82E0-E6C9E0EC5FFB}.Release|x64.ActiveCfg = Release|x64
		{74077724-A147-43DF-82E0-E6C9E0EC5FFB}.Release|x64.Build.0 = Release|x64
		{74077724-A147-43DF-82E0-E6C9E0EC5FFB}.Release|x86.ActiveCfg = Release|Win32
		{74077724-A147-43DF-82E0-E6C9E0EC5FFB}.Release|x86.Build.0 = Release|Win32
		{00BC0F07-3051-4281-91D6-B21CA94B011C}.Debug|x64.ActiveCfg = Debug|x64
		{00BC0F07-3051-4281-91D6-B21CA94B011C}.Debug|x64.Build.0 = Debug|x64
		{00BC0F07-3051-4281-91D6-B21CA94B011C}.Debug|x86.ActiveCfg = Debug|Win32
		{00BC0F07-3051-4281-91D6-B21CA94B011C}.Debug|x86.Build.0 = Debug|Win32
		{00BC0F07-3051-4281-91D6-B21CA94B011C}.Release|x64.ActiveCfg = Release|x64
		{00BC0F07-3051-4281-91D6-B21CA94B011C}.Release|x64.Build.0 = Release|x64
		{00BC0F07-3051-4281-91D6-B21CA94B011C}.Release|x86.ActiveCfg = Release|Win32
		{00BC0F07-3051-4281-91D6-B21CA94B011C}.Release|x86.Build.0 = Release|Win32
		{AFFB85C0-DD90-4AE7-9C0C-61D4DF7E486D}.Debug|x64.ActiveCfg = Debug|x64
		{AFFB85C0-DD90-4AE7-9C0C-61D4DF7E486D}.Debug|x64.Build.0 = Debug|x64
		{AFFB85C0-DD90-4AE7-9C0C-61D4DF7E486D}.Debug|x86.ActiveCfg = Debug|Win32
		{AFFB85C0-DD90-4AE7-9C0C-61D4DF7E486D}.Debug|x86.Build.0 = Debug|Win32
		{AFFB85C0-DD90-4AE7-9C0C-61D4DF7E486D}.Release|x64.ActiveCfg = Release|x64
		{AFFB85C0-DD90-4AE7-9C0C-61D4DF7E486D}.Release|x64.Build.0 = Release|x64
		{AFFB85C0-DD90-4AE7-9C0C-61D4DF7E486D}.Release|x86.ActiveCfg = Release|Win32
		{AFFB85C0-DD90-4AE7-9C0C-61D4DF7E486D}.Release|x86.Build.0 = Release|Win32
		{53131155-29EB-4F9B-BC84-6CD75BCABB69}.Debug|x64.ActiveCfg = Debug|x64
		{53131155-29EB-4F9B-BC84-6CD75BCABB69}.Debug|x64.Build.0 = Debug|x64
		{53131155-29EB-4F9B-BC84-6CD75BCABB69}.Debug|x86.ActiveCfg = Debug|Win32
		{53131155-29EB-4F9B-BC84-6CD75BCABB69}.Debug|x86.Build.0 = Debug|Win32
		{53131155-29EB-4F9B-BC84-6CD75BCABB69}.Release|x64.ActiveCfg = Release|x64
		{53131155-29EB-4F9B-BC84-6CD75BCABB69}.Release|x64.Build.0 = Release|x64
		{53131155-29EB-4F9B-BC84-6CD75BCABB69}.Release|x86.ActiveCfg = Release|Win32
		{53131155-29EB-4F9B-BC84-6CD75BCABB69}.Release|x86.Build.0 = Release|Win32
		{8569401F-6066-462E-B596-13959CB7D46B}.Debug|x64.ActiveCfg = Debug|x64
		{8569401F-6066-462E-B596-13959CB7D46B}.Debug|x64.Build.0 = Debug|x64
		{8569401F-6066-462E-B596-13959CB7D46B}.Debug|x86.ActiveCfg = Debug|Win32
		{8569401F-6066-462E-B596-13959CB7D46B}.Debug|x86.Build.0 = Debug|Win32
		{8569401F-6066-462E-B596-13959CB7D46B}.Release|x64.ActiveCfg = Release|x64
		{8569401F-6066-462E-B596-13959CB7D46B}.Release|x64.Build.0 = Release|x64
		{8569401F-6066-462E-B596-13959CB7D46B}.Release|x86.ActiveCfg = Release|Win32
		{8569401F-6066-462E-B596-13959CB7D46B}.Release|x86.Build.0 = Release|Win32
		{103CF5F7-AFEC-466F-A441-53B962559B5E}.Debug|x64.ActiveCfg = Debug|x64
		{103CF5F7-AFEC-466F-A441-53B962559B5E}.Debug|x64.Build.0 = Debug|x64
		{103CF5F7-AFEC-466F-A441-53B962559B5E}.Debug|x86.ActiveCfg = Debug|Win32
		{103CF5F7-AFEC-466F-A441-53B962559B5E}.Debug|x86.Build.0 = Debug|Win32
		{103CF5F7-AFEC-466F-A441-53B962559B5E}.Release|x64.ActiveCfg = Release|x64
		{103CF5F7-AFEC-466F-A441-53B962559B5E}.Release|x64.Build.0 = Release|x64
		{103CF5F7-AFEC-466F-A441-53B962559B5E}.Release|x86.ActiveCfg = Release|Win32
		{103CF5F7-AFEC-466F-A441-53B962559B5E}.Release|x86.Build.0 = Release|Win32
		{B90B86C4-12EF-44A3-88D9-9E3A60B3474A}.Debug|x64.ActiveCfg = Debug|x64
		{B90B86C4-12EF-44A3-88D9-9E3A60B3474A}.Debug|x64.Build.0 = Debug|x64
		{B90B86C4-12EF-44A3-88D9-9E3A60B3474A}.Debug|x86.ActiveCfg = Debug|Win32
		{B90B86C4-12EF-44A3-88D9-9E3A60B3474A}.Debug|x86.Build.0 = Debug|Win32
		{B90B86C4-12EF-44A3-88D9-9E3A60B3474A}.Release|x64.ActiveCfg = Release|x64
		{B90B86C4-12EF-44A3-88D9-9E3A60B3474A}.Release|x64.Build.0 = Release|x64
		{B90B86C4-12EF-44A3-88D9-9E3A60B3474A}.Release|x86.ActiveCfg = Release|Win32
		{B90B86C4-12EF-44A3-88D9-9E3A60B3474A}.Release|x86.Build.0 = Release|Win32
		{03AF02D1-F1CC-4118-ABC9-671AAD46B202}.Debug|x64.ActiveCfg = Debug|x64
		{03AF02D1-F1CC-4118-ABC9-671AAD46B202}.Debug|x64.Build.0 = Debug|x64
		{03AF02D1-F1CC-4118-ABC9-671AAD46B202}.Debug|x86.ActiveCfg = Debug|Win32
		{03AF02D1-F1CC-4118-ABC9-671AAD46B202}.Debug|x86.Build.0 = Debug|Win32
		{03AF02D1-F1CC-4118-ABC9-671AAD46B202}.Release|x64.ActiveCfg = Release|x64
		{03AF02D1-F1CC-4118-ABC9-671AAD46B202}.Release|x64.Build.0 = Release|x64
		{03AF02D1-F1CC-4118-ABC9-671AAD46B202}.Release|x86.ActiveCfg = Release|Win32
		{03AF02D1-F1CC-4118-ABC9-671AAD46B202}.Release|x86.Build.0 = Release|Win32
		{761F05E4-0418-4248-AA36-059EA294D2DB}.Debug|x64.ActiveCfg = Debug|x64
		{761F05E4-0418-4248-AA36-059EA294D2DB}.Debug|x64.Build.0 = Debug|x64
		{761F05E4-0418-4248-AA36-059EA294D2DB}.Debug|x86.ActiveCfg = Debug|Win32
		{761F05E4-0418-4248-AA36-059EA294D2DB}.Debug|x86.Build.0 = Debug|Win32
		{761F05E4-0418-4248-AA36-059EA294D2DB}.Release|x64.ActiveCfg = Release|x64
		{761F05E4-0418-4248-AA36-059EA294D2DB}.Release|x64.Build.0 = Release|x64
		{761F05E4-0418-4248-AA36-059EA294D2DB}.Release|x86.ActiveCfg = Release|Win32
		{761F05E4-0418-4248-AA36-059EA294D2DB}.Release|x86.Build.0 = Release|Win32
		{D561FF16-BA74-4193-B683-E8DC8E5A3106}.Debug|x64.ActiveCfg = Debug|x64
		{D561FF16-BA74-4193-B683-E8DC8E5A3106}.Debug|x64.Build.0 = Debug|x64
		{D561FF16-BA74-4193-B683-E8DC8E5A3106}.Debug|x86.ActiveCfg = Debug|Win32
		{D561FF16-BA74-4193-B683-E8DC8E5A3106}.Debug|x86.Build.0 = Debug|Win32
		{D561FF16-BA74-4193-B683-E8DC8E5A3106}.Release|x64.ActiveCfg = Release|x64
		{D561FF16-BA74-4193-B683-E8DC8E5A3106}.Release|x64.Build.0 = Release|x64
		{D561FF16-BA74-4193-B683-E8DC8E5A3106}.Release|x86.ActiveCfg = Release|Win32
		{D561FF16-BA74-4193-B683-E8DC8E5A3106}.Release|x86.Build.0 = Release|Win32
	EndGlobalSection
	GlobalSection(SolutionProperties) = preSolution
		HideSolutionNode = FALSE
	EndGlobalSection
	GlobalSection(ExtensibilityGlobals) = postSolution
		SolutionGuid = {3715952C-A91B-4DE0-9F35-095064528F38}
	EndGlobalSection
EndGlobal
